
Microsoft Visual Studio Solution File, Format Version 12.00
# Visual Studio Version 17
VisualStudioVersion = 17.7.34202.233
MinimumVisualStudioVersion = 10.0.40219.1
Project("{9A19103F-16F7-4668-BE54-9A1E7A4F7556}") = "theMovies", "theMovies.csproj", "{A8414661-A8C4-447F-AD29-77C6DB95A2B0}"
EndProject
Project("{FAE04EC0-301F-11D3-BF4B-00C04F79EFBC}") = "msTest", "..\msTest\msTest.csproj", "{60C77EB0-DB1C-41D7-AAD6-DCFFC5B8819F}"
EndProject
Global
	GlobalSection(SolutionConfigurationPlatforms) = preSolution
		Debug|Any CPU = Debug|Any CPU
		Release|Any CPU = Release|Any CPU
	EndGlobalSection
	GlobalSection(ProjectConfigurationPlatforms) = postSolution
		{A8414661-A8C4-447F-AD29-77C6DB95A2B0}.Debug|Any CPU.ActiveCfg = Debug|Any CPU
		{A8414661-A8C4-447F-AD29-77C6DB95A2B0}.Debug|Any CPU.Build.0 = Debug|Any CPU
		{A8414661-A8C4-447F-AD29-77C6DB95A2B0}.Release|Any CPU.ActiveCfg = Release|Any CPU
		{A8414661-A8C4-447F-AD29-77C6DB95A2B0}.Release|Any CPU.Build.0 = Release|Any CPU
		{60C77EB0-DB1C-41D7-AAD6-DCFFC5B8819F}.Debug|Any CPU.ActiveCfg = Debug|Any CPU
		{60C77EB0-DB1C-41D7-AAD6-DCFFC5B8819F}.Debug|Any CPU.Build.0 = Debug|Any CPU
		{60C77EB0-DB1C-41D7-AAD6-DCFFC5B8819F}.Release|Any CPU.ActiveCfg = Release|Any CPU
		{60C77EB0-DB1C-41D7-AAD6-DCFFC5B8819F}.Release|Any CPU.Build.0 = Release|Any CPU
	EndGlobalSection
	GlobalSection(SolutionProperties) = preSolution
		HideSolutionNode = FALSE
	EndGlobalSection
	GlobalSection(ExtensibilityGlobals) = postSolution
		SolutionGuid = {CDBED2C4-0AC4-40D2-B23F-FD5C6E0DDE7D}
	EndGlobalSection
EndGlobal
